# -------------------------------------------------------------------------- #
#
# Copyright (C) 2017  Intel Corporation. All rights reserved.
# Your use of Intel Corporation's design tools, logic functions 
# and other software and tools, and its AMPP partner logic 
# functions, and any output files from any of the foregoing 
# (including device programming or simulation files), and any 
# associated documentation or information are expressly subject 
# to the terms and conditions of the Intel Program License 
# Subscription Agreement, the Intel Quartus Prime License Agreement,
# the Intel MegaCore Function License Agreement, or other 
# applicable license agreement, including, without limitation, 
# that your use is for the sole purpose of programming logic 
# devices manufactured by Intel and sold by Intel or its 
# authorized distributors.  Please refer to the applicable 
# agreement for further details.
#
# -------------------------------------------------------------------------- #

set_global_assignment -name TOP_LEVEL_ENTITY sys_top
set_global_assignment -name ORIGINAL_QUARTUS_VERSION 17.0
set_global_assignment -name PROJECT_CREATION_TIME_DATE "01:23:45  FEBRUARY 10, 2026"
set_global_assignment -name LAST_QUARTUS_VERSION "17.0.2 Lite Edition"
set_global_assignment -name PROJECT_OUTPUT_DIRECTORY output_files
set_global_assignment -name MIN_CORE_JUNCTION_TEMP "-40"
set_global_assignment -name MAX_CORE_JUNCTION_TEMP 100
set_global_assignment -name ERROR_CHECK_FREQUENCY_DIVISOR 256

# Search Path for Include Files
# dvd/mem_override is listed FIRST so its mem_codes.v (MP@ML map, VBUF at 3.5 MiB)
# overrides rtl/mpeg2/mem_codes.v (MP@HL, VBUF at 14 MiB = unbacked f2sdram). The
# override dir holds only mem_codes.v so nothing else is shadowed.
set_global_assignment -name SEARCH_PATH dvd/mem_override
set_global_assignment -name SEARCH_PATH rtl/mpeg2
# dvd/ac3 holds the in-fabric AC-3 decoder; SEARCH_PATH lets its modules `include
# the ac3_*.svh table/define headers.
set_global_assignment -name SEARCH_PATH dvd/ac3

# Files
set_global_assignment -name SYSTEMVERILOG_FILE dvd/emu.sv
set_global_assignment -name SYSTEMVERILOG_FILE dvd/ps_demux.sv
set_global_assignment -name SYSTEMVERILOG_FILE dvd/disp_hstretch.sv
set_global_assignment -name SYSTEMVERILOG_FILE dvd/disp_vscale.sv
set_global_assignment -name SYSTEMVERILOG_FILE dvd/crt_ov_map.sv
# dual-raster analog output: progressive -> 15 kHz 480i/576i second raster (VGA2_*)
set_global_assignment -name SYSTEMVERILOG_FILE dvd/re_interlace.sv
set_global_assignment -name SYSTEMVERILOG_FILE dvd/cc_line21.sv
set_global_assignment -name SYSTEMVERILOG_FILE dvd/ps_stream_fifo.sv
# AC-3 reframer: re-frame demuxed AC-3 on 0x0B77 boundaries so audio_ring drops
# whole AC-3 frames (clean) instead of PES chunks (pop). See dvd/ac3_reframer.sv.
set_global_assignment -name SYSTEMVERILOG_FILE dvd/ac3_reframer.sv
# DTS reframer: re-frame demuxed DTS on 0x7FFE8001 core-sync boundaries (chained
# after ac3_reframer) so audio_ring/iec61937_wrap see whole DTS frames.
set_global_assignment -name SYSTEMVERILOG_FILE dvd/dts_reframer.sv
# MP2 reframer: re-frame demuxed MPEG-1 Layer II (stream_id 0xC0+n, T_MP2) on
# real frame boundaries (chained after dts_reframer). See docs/mpeg1.md A.3.
set_global_assignment -name SYSTEMVERILOG_FILE dvd/mp2_reframer.sv
# MP2 (MPEG-1 Layer II) fabric decoder — the DVD-spec "MPEG audio" format.
# Bit-exact vs tools/mp2_ref.py; ROMs generated by tools/gen_mp2_tables.py.
set_global_assignment -name SYSTEMVERILOG_FILE dvd/mp2/mp2_decode.sv
set_global_assignment -name SYSTEMVERILOG_FILE dvd/audio_ring.sv
# In-fabric audio decode: audio_ring -> dvd_audio_decode (AC-3 + LPCM) -> AUDIO_L/R.
# (The old DDR3-ring + HPS-daemon audio path was removed; ddr_arb is kept for the
# decoder DDR path.)
set_global_assignment -name SYSTEMVERILOG_FILE dvd/dvd_audio_decode.sv
set_global_assignment -name SYSTEMVERILOG_FILE dvd/lpcm_unpack.sv
# IEC 61937 S/PDIF bitstream passthrough (Path B): iec61937_wrap wraps undecoded
# AC-3/DTS frames into 61937 bursts; spdif_pass is the biphase encoder (a copy of
# sys/spdif.v with the non-PCM channel-status bit set). See docs/iec61937.md.
set_global_assignment -name SYSTEMVERILOG_FILE dvd/spdif_pass.sv
set_global_assignment -name SYSTEMVERILOG_FILE dvd/iec61937_wrap.sv
set_global_assignment -name SYSTEMVERILOG_FILE dvd/av_sync.sv
# Reference-read run-ahead prefetch (O[18]): single-bitstream A/B gate for the deepened
# fwd/bwd motion-comp reference data fifos. See dvd/ref_dta_gate.sv / docs/motcomp_throughput.md.
set_global_assignment -name SYSTEMVERILOG_FILE dvd/ref_dta_gate.sv

set_global_assignment -name SYSTEMVERILOG_FILE dvd/ac3/ac3_front.sv
set_global_assignment -name SYSTEMVERILOG_FILE dvd/ac3/ac3_parse.sv
set_global_assignment -name SYSTEMVERILOG_FILE dvd/ac3/bit_fifo.sv
set_global_assignment -name SYSTEMVERILOG_FILE dvd/ac3/bit_reader.sv
set_global_assignment -name SYSTEMVERILOG_FILE dvd/ac3/sync_crc.sv
set_global_assignment -name SYSTEMVERILOG_FILE dvd/ac3/bsi_parse.sv
set_global_assignment -name SYSTEMVERILOG_FILE dvd/ac3/audblk_parse.sv
set_global_assignment -name SYSTEMVERILOG_FILE dvd/ac3/exponent_decode.sv
set_global_assignment -name SYSTEMVERILOG_FILE dvd/ac3/bit_allocation.sv
set_global_assignment -name SYSTEMVERILOG_FILE dvd/ac3/mantissa_dequant.sv
set_global_assignment -name SYSTEMVERILOG_FILE dvd/ac3/imdct_512.sv
set_global_assignment -name SYSTEMVERILOG_FILE dvd/ac3/pcm_out.sv
set_global_assignment -name SYSTEMVERILOG_FILE dvd/ddr_arb.sv
set_global_assignment -name SYSTEMVERILOG_FILE dvd/vidfeed_cdc.sv
set_global_assignment -name SYSTEMVERILOG_FILE dvd/debug_overlay.sv
# DVD-FORK (subpicture/subtitle O15 + O[26:24]): SPU decoder + reusable alpha blend.
# See docs/subpicture.md.
set_global_assignment -name SYSTEMVERILOG_FILE dvd/spu_decode.sv
set_global_assignment -name SYSTEMVERILOG_FILE dvd/subpic_blend.sv
# DVD-FORK (Phase-1 disc menus): PGC palette (IFO @164) YCbCr->RGB LUT.
set_global_assignment -name SYSTEMVERILOG_FILE dvd/pgc_palette.sv
set_global_assignment -name SYSTEMVERILOG_FILE dvd/nav_pci.sv
set_global_assignment -name SYSTEMVERILOG_FILE dvd/nav_dsi.sv
set_global_assignment -name SYSTEMVERILOG_FILE dvd/scrub_ctrl.sv
# DVD-FORK (Phase-11 transport HUD): text-plane/glyph-ROM status renderer,
# muxed into the subpic_blend register stage. ROM init = dvd/hud_font.mem
# (generated by tools/hud_font.py). See docs/transport_hud.md.
set_global_assignment -name SYSTEMVERILOG_FILE dvd/transport_hud.sv
set_global_assignment -name SYSTEMVERILOG_FILE dvd/seek_bar.sv
set_global_assignment -name SYSTEMVERILOG_FILE dvd/idle_logo.sv
set_global_assignment -name SYSTEMVERILOG_FILE dvd/bcd_time_add.sv
set_global_assignment -name SYSTEMVERILOG_FILE dvd/dvd_vm.sv
# DVD-FORK (frame-drop governor O[19]): catch-up credit controller. See
# dvd/frame_drop_ctl.sv / docs/motcomp_throughput.md.
set_global_assignment -name SYSTEMVERILOG_FILE dvd/frame_drop_ctl.sv
set_global_assignment -name SYSTEMVERILOG_FILE dvd/mem_shim.sv
set_global_assignment -name SYSTEMVERILOG_FILE dvd/mem_shim_burst.sv
set_global_assignment -name SYSTEMVERILOG_FILE dvd/sys_pll.sv
set_global_assignment -name SYSTEMVERILOG_FILE rtl/mpg_streamer.sv
set_global_assignment -name SYSTEMVERILOG_FILE dvd/dvd_iso_reader.sv




# Logic Modules (Headers excluded, found via SEARCH_PATH)
set_global_assignment -name VERILOG_FILE rtl/mpeg2/framestore.v
set_global_assignment -name VERILOG_FILE rtl/mpeg2/framestore_request.v
set_global_assignment -name VERILOG_FILE rtl/mpeg2/framestore_response.v
set_global_assignment -name VERILOG_FILE rtl/mpeg2/fwft.v
set_global_assignment -name VERILOG_FILE rtl/mpeg2/getbits.v
set_global_assignment -name VERILOG_FILE rtl/mpeg2/idct.v
set_global_assignment -name VERILOG_FILE rtl/mpeg2/iquant.v
set_global_assignment -name VERILOG_FILE rtl/mpeg2/mem_addr.v
set_global_assignment -name VERILOG_FILE rtl/mpeg2/mixer.v
set_global_assignment -name VERILOG_FILE rtl/mpeg2/motcomp.v
set_global_assignment -name VERILOG_FILE rtl/mpeg2/motcomp_addrgen.v
set_global_assignment -name VERILOG_FILE rtl/mpeg2/motcomp_dcttype.v
set_global_assignment -name VERILOG_FILE rtl/mpeg2/motcomp_motvec.v
set_global_assignment -name VERILOG_FILE rtl/mpeg2/motcomp_picbuf.v
set_global_assignment -name VERILOG_FILE rtl/mpeg2/motcomp_recon.v
set_global_assignment -name VERILOG_FILE rtl/mpeg2/mpeg2video.v
set_global_assignment -name VERILOG_FILE rtl/mpeg2/osd.v
set_global_assignment -name VERILOG_FILE rtl/mpeg2/pixel_queue.v
set_global_assignment -name VERILOG_FILE rtl/mpeg2/probe.v
set_global_assignment -name VERILOG_FILE rtl/mpeg2/read_write.v
set_global_assignment -name VERILOG_FILE rtl/mpeg2/regfile.v
set_global_assignment -name VERILOG_FILE rtl/mpeg2/resample.v
# 256-line strobe fix: dvd/ copy of resample_addrgen with the saturating frame-top
# index (replaces rtl/mpeg2/resample_addrgen.v). See docs/history.md.
set_global_assignment -name VERILOG_FILE dvd/resample_addrgen.v
set_global_assignment -name VERILOG_FILE rtl/mpeg2/resample_bilinear.v
set_global_assignment -name VERILOG_FILE rtl/mpeg2/resample_dta.v
set_global_assignment -name VERILOG_FILE rtl/mpeg2/reset.v
set_global_assignment -name VERILOG_FILE rtl/mpeg2/rld.v
set_global_assignment -name VERILOG_FILE rtl/mpeg2/syncgen.v
set_global_assignment -name VERILOG_FILE rtl/mpeg2/syncgen_intf.v
set_global_assignment -name VERILOG_FILE rtl/mpeg2/synchronizer.v
set_global_assignment -name VERILOG_FILE rtl/mpeg2/vbuf.v
set_global_assignment -name VERILOG_FILE rtl/mpeg2/vld.v
set_global_assignment -name VERILOG_FILE rtl/mpeg2/watchdog.v
set_global_assignment -name VERILOG_FILE rtl/mpeg2/wrappers.v
set_global_assignment -name VERILOG_FILE rtl/mpeg2/xfifo_sc.v
set_global_assignment -name VERILOG_FILE rtl/mpeg2/xilinx_fifo_dc.v
set_global_assignment -name VERILOG_FILE rtl/mpeg2/xilinx_fifo.v
set_global_assignment -name VERILOG_FILE rtl/mpeg2/xilinx_fifo_sc.v
set_global_assignment -name VERILOG_FILE rtl/mpeg2/xilinx_fifo144.v
set_global_assignment -name VERILOG_FILE rtl/mpeg2/xilinx_fifo216.v
set_global_assignment -name VERILOG_FILE rtl/mpeg2/yuv2rgb.v

# Pin and IO assignments are sourced from standard MiSTer TCL files
source sys/sys.tcl
set_global_assignment -name FAMILY "Cyclone V"
set_global_assignment -name DEVICE 5CSEBA6U23I7
set_global_assignment -name DEVICE_FILTER_PACKAGE UFBGA
set_global_assignment -name DEVICE_FILTER_PIN_COUNT 672
set_global_assignment -name DEVICE_FILTER_SPEED_GRADE 7
set_instance_assignment -name IO_STANDARD "3.3-V LVTTL" -to ADC_CONVST
set_instance_assignment -name IO_STANDARD "3.3-V LVTTL" -to ADC_SCK
set_instance_assignment -name IO_STANDARD "3.3-V LVTTL" -to ADC_SDI
set_instance_assignment -name IO_STANDARD "3.3-V LVTTL" -to ADC_SDO
set_location_assignment PIN_U9 -to ADC_CONVST
set_location_assignment PIN_V10 -to ADC_SCK
set_location_assignment PIN_AC4 -to ADC_SDI
set_location_assignment PIN_AD4 -to ADC_SDO
set_location_assignment PIN_U14 -to IO_SCL
set_location_assignment PIN_AG9 -to IO_SDA
set_instance_assignment -name IO_STANDARD "3.3-V LVTTL" -to IO_S*
set_instance_assignment -name WEAK_PULL_UP_RESISTOR ON -to IO_S*
set_instance_assignment -name CURRENT_STRENGTH_NEW "MAXIMUM CURRENT" -to IO_S*
set_location_assignment PIN_AF17 -to USER_IO[6]
set_location_assignment PIN_AF15 -to USER_IO[5]
set_location_assignment PIN_AG16 -to USER_IO[4]
set_location_assignment PIN_AH11 -to USER_IO[3]
set_location_assignment PIN_AH12 -to USER_IO[2]
set_location_assignment PIN_AH9 -to USER_IO[1]
set_location_assignment PIN_AG11 -to USER_IO[0]
set_instance_assignment -name IO_STANDARD "3.3-V LVTTL" -to USER_IO[*]
set_instance_assignment -name WEAK_PULL_UP_RESISTOR ON -to USER_IO[*]
set_instance_assignment -name CURRENT_STRENGTH_NEW "MAXIMUM CURRENT" -to USER_IO[*]
set_location_assignment PIN_AH7 -to SDCD_SPDIF
set_instance_assignment -name CURRENT_STRENGTH_NEW "MAXIMUM CURRENT" -to SDCD_SPDIF
set_instance_assignment -name IO_STANDARD "3.3-V LVTTL" -to SDCD_SPDIF
set_instance_assignment -name WEAK_PULL_UP_RESISTOR ON -to SDCD_SPDIF

set_location_assignment PIN_AE15 -to SD_SPI_CS
set_location_assignment PIN_AH8 -to SD_SPI_MISO
set_location_assignment PIN_AG8 -to SD_SPI_CLK
set_location_assignment PIN_U13 -to SD_SPI_MOSI
set_instance_assignment -name CURRENT_STRENGTH_NEW "MAXIMUM CURRENT" -to SD_SPI*
set_instance_assignment -name IO_STANDARD "3.3-V LVTTL" -to SD_SPI*
set_instance_assignment -name WEAK_PULL_UP_RESISTOR ON -to SD_SPI*
set_instance_assignment -name IO_STANDARD "3.3-V LVTTL" -to FPGA_CLK1_50
set_instance_assignment -name IO_STANDARD "3.3-V LVTTL" -to FPGA_CLK2_50
set_instance_assignment -name IO_STANDARD "3.3-V LVTTL" -to FPGA_CLK3_50
set_location_assignment PIN_V11 -to FPGA_CLK1_50
set_location_assignment PIN_Y13 -to FPGA_CLK2_50
set_location_assignment PIN_E11 -to FPGA_CLK3_50
set_instance_assignment -name IO_STANDARD "3.3-V LVTTL" -to HDMI_I2C_*
set_instance_assignment -name IO_STANDARD "3.3-V LVTTL" -to HDMI_I2S
set_instance_assignment -name IO_STANDARD "3.3-V LVTTL" -to HDMI_LRCLK
set_instance_assignment -name IO_STANDARD "3.3-V LVTTL" -to HDMI_MCLK
set_instance_assignment -name IO_STANDARD "3.3-V LVTTL" -to HDMI_SCLK
set_instance_assignment -name IO_STANDARD "3.3-V LVTTL" -to HDMI_TX_*
set_instance_assignment -name FAST_OUTPUT_REGISTER ON -to HDMI_TX_D[*]
set_instance_assignment -name FAST_OUTPUT_REGISTER ON -to HDMI_TX_DE
set_instance_assignment -name FAST_OUTPUT_REGISTER ON -to HDMI_TX_HS
set_instance_assignment -name FAST_OUTPUT_REGISTER ON -to HDMI_TX_VS
set_instance_assignment -name FAST_OUTPUT_REGISTER ON -to HDMI_TX_CLK
set_location_assignment PIN_U10 -to HDMI_I2C_SCL
set_location_assignment PIN_AA4 -to HDMI_I2C_SDA
set_location_assignment PIN_T13 -to HDMI_I2S
set_location_assignment PIN_T11 -to HDMI_LRCLK
set_location_assignment PIN_U11 -to HDMI_MCLK
set_location_assignment PIN_T12 -to HDMI_SCLK
set_location_assignment PIN_AG5 -to HDMI_TX_CLK
set_location_assignment PIN_AD19 -to HDMI_TX_DE
set_location_assignment PIN_AD12 -to HDMI_TX_D[0]
set_location_assignment PIN_AE12 -to HDMI_TX_D[1]
set_location_assignment PIN_W8 -to HDMI_TX_D[2]
set_location_assignment PIN_Y8 -to HDMI_TX_D[3]
set_location_assignment PIN_AD11 -to HDMI_TX_D[4]
set_location_assignment PIN_AD10 -to HDMI_TX_D[5]
set_location_assignment PIN_AE11 -to HDMI_TX_D[6]
set_location_assignment PIN_Y5 -to HDMI_TX_D[7]
set_location_assignment PIN_AF10 -to HDMI_TX_D[8]
set_location_assignment PIN_Y4 -to HDMI_TX_D[9]
set_location_assignment PIN_AE9 -to HDMI_TX_D[10]
set_location_assignment PIN_AB4 -to HDMI_TX_D[11]
set_location_assignment PIN_AE7 -to HDMI_TX_D[12]
set_location_assignment PIN_AF6 -to HDMI_TX_D[13]
set_location_assignment PIN_AF8 -to HDMI_TX_D[14]
set_location_assignment PIN_AF5 -to HDMI_TX_D[15]
set_location_assignment PIN_AE4 -to HDMI_TX_D[16]
set_location_assignment PIN_AH2 -to HDMI_TX_D[17]
set_location_assignment PIN_AH4 -to HDMI_TX_D[18]
set_location_assignment PIN_AH5 -to HDMI_TX_D[19]
set_location_assignment PIN_AH6 -to HDMI_TX_D[20]
set_location_assignment PIN_AG6 -to HDMI_TX_D[21]
set_location_assignment PIN_AF9 -to HDMI_TX_D[22]
set_location_assignment PIN_AE8 -to HDMI_TX_D[23]
set_location_assignment PIN_T8 -to HDMI_TX_HS
set_location_assignment PIN_AF11 -to HDMI_TX_INT
set_location_assignment PIN_V13 -to HDMI_TX_VS
set_instance_assignment -name IO_STANDARD "3.3-V LVTTL" -to KEY[0]
set_instance_assignment -name IO_STANDARD "3.3-V LVTTL" -to KEY[1]
set_location_assignment PIN_AH17 -to KEY[0]
set_location_assignment PIN_AH16 -to KEY[1]
set_instance_assignment -name IO_STANDARD "3.3-V LVTTL" -to LED[0]
set_instance_assignment -name IO_STANDARD "3.3-V LVTTL" -to LED[1]
set_instance_assignment -name IO_STANDARD "3.3-V LVTTL" -to LED[2]
set_instance_assignment -name IO_STANDARD "3.3-V LVTTL" -to LED[3]
set_instance_assignment -name IO_STANDARD "3.3-V LVTTL" -to LED[4]
set_instance_assignment -name IO_STANDARD "3.3-V LVTTL" -to LED[5]
set_instance_assignment -name IO_STANDARD "3.3-V LVTTL" -to LED[6]
set_instance_assignment -name IO_STANDARD "3.3-V LVTTL" -to LED[7]
set_location_assignment PIN_W15 -to LED[0]
set_location_assignment PIN_AA24 -to LED[1]
set_location_assignment PIN_V16 -to LED[2]
set_location_assignment PIN_V15 -to LED[3]
set_location_assignment PIN_AF26 -to LED[4]
set_location_assignment PIN_AE26 -to LED[5]
set_location_assignment PIN_Y16 -to LED[6]
set_location_assignment PIN_AA23 -to LED[7]
set_instance_assignment -name IO_STANDARD "3.3-V LVTTL" -to SW[0]
set_instance_assignment -name IO_STANDARD "3.3-V LVTTL" -to SW[1]
set_instance_assignment -name IO_STANDARD "3.3-V LVTTL" -to SW[2]
set_instance_assignment -name IO_STANDARD "3.3-V LVTTL" -to SW[3]
set_location_assignment PIN_Y24 -to SW[0]
set_location_assignment PIN_W24 -to SW[1]
set_location_assignment PIN_W21 -to SW[2]
set_location_assignment PIN_W20 -to SW[3]
set_hps_location_assignment HPSINTERFACEPERIPHERALSPIMASTER_X52_Y72_N111 -to spi
set_hps_location_assignment HPSINTERFACEPERIPHERALUART_X52_Y67_N111 -to uart
set_hps_location_assignment HPSINTERFACEPERIPHERALI2C_X52_Y60_N111 -to hdmi_i2c
set_global_assignment -name PRE_FLOW_SCRIPT_FILE "quartus_sh:sys/build_id.tcl"
set_global_assignment -name CDF_FILE jtag.cdf
set_global_assignment -name QIP_FILE sys/sys.qip
source sys/sys_analog.tcl
set_location_assignment PIN_AF25 -to SDIO_DAT[0]
set_location_assignment PIN_AF23 -to SDIO_DAT[1]
set_location_assignment PIN_AD26 -to SDIO_DAT[2]
set_location_assignment PIN_AF28 -to SDIO_DAT[3]
set_location_assignment PIN_AF27 -to SDIO_CMD
set_location_assignment PIN_AH26 -to SDIO_CLK
set_instance_assignment -name CURRENT_STRENGTH_NEW "MAXIMUM CURRENT" -to SDIO_*
set_instance_assignment -name IO_STANDARD "3.3-V LVTTL" -to SDIO_*
set_instance_assignment -name WEAK_PULL_UP_RESISTOR ON -to SDIO_DAT[*]
set_instance_assignment -name WEAK_PULL_UP_RESISTOR ON -to SDIO_CMD
set_location_assignment PIN_AE17 -to VGA_R[0]
set_location_assignment PIN_AE20 -to VGA_R[1]
set_location_assignment PIN_AF20 -to VGA_R[2]
set_location_assignment PIN_AH18 -to VGA_R[3]
set_location_assignment PIN_AH19 -to VGA_R[4]
set_location_assignment PIN_AF21 -to VGA_R[5]
set_location_assignment PIN_AE19 -to VGA_G[0]
set_location_assignment PIN_AG15 -to VGA_G[1]
set_location_assignment PIN_AF18 -to VGA_G[2]
set_location_assignment PIN_AG18 -to VGA_G[3]
set_location_assignment PIN_AG19 -to VGA_G[4]
set_location_assignment PIN_AG20 -to VGA_G[5]
set_location_assignment PIN_AG21 -to VGA_B[0]
set_location_assignment PIN_AA20 -to VGA_B[1]
set_location_assignment PIN_AE22 -to VGA_B[2]
set_location_assignment PIN_AF22 -to VGA_B[3]
set_location_assignment PIN_AH23 -to VGA_B[4]
set_location_assignment PIN_AH21 -to VGA_B[5]
set_location_assignment PIN_AH22 -to VGA_HS
set_location_assignment PIN_AG24 -to VGA_VS
set_location_assignment PIN_AH27 -to VGA_EN
set_instance_assignment -name WEAK_PULL_UP_RESISTOR ON -to VGA_EN
set_instance_assignment -name IO_STANDARD "3.3-V LVTTL" -to VGA_*
set_instance_assignment -name CURRENT_STRENGTH_NEW 8MA -to VGA_*
set_location_assignment PIN_AC24 -to AUDIO_L
set_location_assignment PIN_AE25 -to AUDIO_R
set_location_assignment PIN_AG26 -to AUDIO_SPDIF
set_instance_assignment -name IO_STANDARD "3.3-V LVTTL" -to AUDIO_*
set_instance_assignment -name CURRENT_STRENGTH_NEW 8MA -to AUDIO_*
set_location_assignment PIN_Y15 -to LED_USER
set_location_assignment PIN_AA15 -to LED_HDD
set_location_assignment PIN_AG28 -to LED_POWER
set_location_assignment PIN_AH24 -to BTN_USER
set_location_assignment PIN_AG25 -to BTN_OSD
set_location_assignment PIN_AG23 -to BTN_RESET
set_instance_assignment -name IO_STANDARD "3.3-V LVTTL" -to LED_*
set_instance_assignment -name IO_STANDARD "3.3-V LVTTL" -to BTN_*
set_instance_assignment -name WEAK_PULL_UP_RESISTOR ON -to BTN_*

set_global_assignment -name PARTITION_NETLIST_TYPE SOURCE -section_id Top
set_global_assignment -name PARTITION_FITTER_PRESERVATION_LEVEL PLACEMENT_AND_ROUTING -section_id Top
set_global_assignment -name PARTITION_COLOR 16764057 -section_id Top

# Verilog define for PLL instantiation
set_global_assignment -name VERILOG_MACRO "QUARTUS=1"
# DVD-FORK DEBUG: to bring back the Atmosfear wrong-title diagnosis overlay
# (dvd/debug_overlay.sv rows 21..26; O[2] + Disc Menus On to view), uncomment the
# next line and rebuild (--compile). It re-tightens the congested fit and may
# need a fitter seed re-sweep. Left OFF for the release build.
# set_global_assignment -name VERILOG_MACRO "DEBUG_OVERLAY=1"
# NOTE (Film 24p, issue #124): DEBUG_OVERLAY was briefly re-enabled here for the
# bring-up lates readout, but the overlay+Phase1 netlist fit flaky on SEED 9 (routed +
# STA-clean but HW-green — the framebuffer write path came out functionally broken).
# Ship the release (no-overlay) netlist, which has headroom and fits SEED 9 cleanly.
# Re-add `VERILOG_MACRO "DEBUG_OVERLAY=1"` + seed-sweep if the numeric overlay is needed.

set_instance_assignment -name PARTITION_HIERARCHY root_partition -to | -section_id Top
set_global_assignment -name FITTER_AGGRESSIVE_ROUTABILITY_OPTIMIZATION ALWAYS
# DVD-FORK (frame-drop reland): this design is congestion-marginal (a routing lottery).
# On this exact netlist (frame-drop + all congestion cuts + physical synthesis OFF), the
# DEFAULT seed and seeds 2/3/4 all FAILED to route; SEED 5 routes. Pinned so a full
# `build_release.sh --compile` reproduces the routable result. NOTE: this seed is tied to
# THIS netlist — any RTL change may need a re-sweep (see tools/seed_sweep.sh). The real fix
# is structural (LogicLock / targeted fringe fix) — see docs/roadmap.md cleanup section.
set_global_assignment -name ROUTER_TIMING_OPTIMIZATION_LEVEL NORMAL
# Physical synthesis: lifts the decode-domain (clk_dec, 81 MHz) Fmax from ~80 -> ~92 MHz by
# rebalancing the limiting path (high-fanout mem_req_wr_almost_full -> framestore_request
# priority mux -> STATE_RECON). Without this, 81 MHz over-clocks the domain (raw Fmax ~80)
# -> intermittent green chroma fringe. HW-CONFIRMED 2026-07-01: 81 runs fringe-free at full
# compute, +~137 ALMs -- BUT it inflates routing design-wide and, on top of the frame-drop
# reland, tips the (congestion-marginal) design over the routing edge (Error 11802 at 78%
# ALMs; 5 builds failed even after removing decoder_profile + UART + baking O[14/15/18]).
# *** TEMPORARILY OFF (2026-07-01, feature/frame-drop-reland) *** to route THIS diagnostic
# build for the frame-drop rows-14/15 HW read. Tradeoff (user-approved): the green chroma
# fringe returns, but it is cosmetic and does NOT affect the frame-drop pacing test or the
# counter read. The proper fix is the TARGETED fringe fix (MAX_FANOUT / duplicated register
# on the mem_req_wr_almost_full net) instead of this global switch -- see docs/roadmap.md
# "FPGA congestion / resource cleanup". Flip these back ON (or do the targeted fix) for a
# clean release build.
set_global_assignment -name PHYSICAL_SYNTHESIS_REGISTER_RETIMING OFF
set_global_assignment -name PHYSICAL_SYNTHESIS_REGISTER_DUPLICATION OFF
set_global_assignment -name PHYSICAL_SYNTHESIS_COMBO_LOGIC OFF

# DVD-FORK (frame-drop reland): the design is routing-marginal (a congestion lottery). To
# route the frame-drop feature we removed decoder_profile + the debug UART, baked the settled
# O[14/15/18] toggles to constants, turned physical synthesis OFF (see above), and pin a
# fitter SEED. The seed is tied to the EXACT netlist and it's a genuine lottery: pre-debt-decay
# needed SEED 5; the debt-decay netlist took SEED 2; the (removed) decay-knob netlist had seeds
# 2/3/6 GRIND while SEED 7 routed; the FINAL no-decay/no-knob netlist (decay reverted) also
# routed on SEED 7 (~12 min). Any RTL change may need a re-sweep (tools/seed_sweep.sh, per-fit
# timeout). The real fix is structural
# (LogicLock / targeted fringe fix) — see docs/roadmap.md cleanup section + memory
# quartus-build-flaky-routing.
#
# SUBPICTURE netlist (PR #71, 2026-07-06): SEED 7 FROZE playback / caused constant resync on
# HW (the renderer landed in the display hotspot). SEED 9 is the HW-CONFIRMED value for this
# netlist (build DVD_subpic_rel: combinational blend + debug_overlay compiled OUT via
# `ifdef DEBUG_OVERLAY). Defining DEBUG_OVERLAY re-tightens the fit and likely needs a new sweep.
#
# TIMED-STILLS netlist (2026-07-09): SEED 7 re-pinned after SEED 9 striped on HW. The
# "clk_dec Fmax 110.24 MHz" claimed in that pin commit is JUNK — the sweep's extraction read a
# neighboring clock's row (Fmax tables sort by value; see tools/fmax_check.sh header). The
# MEASURED truth for SEED 7 on this netlist: clk_dec 81.41 MHz @100C / 78.0 @-40C = MARGINAL
# (fringe lottery). Verify every fit with tools/fmax_check.sh; build_release.sh --release
# gates on it. Seed choice is only trustworthy when that check passes at both slow corners.
# SCRUB-VOBU-ALIGN netlist (PR #106, 2026-07-10): the new NAV-align probe states perturbed the
# netlist enough that SEED 7 could no longer place legally (100% LABs used; "Can't fit design in
# device"). Re-swept: SEED 9 routed but MARGINAL (76.8 MHz @100C = fail), SEED 13 routes with
# good margin (clk_dec 94.36 MHz @100C / 90.19 MHz @-40C = PASS). Pinned SEED 13.
# AC3-AREA + DTS netlist (feature/ac3-area-reduction, 2026-07-11): the M19 area pass
# (35,844 ALMs = 86%, DSP 91) + re-enabled DTS chain changed the netlist again — SEED 13
# failed to route; re-swept and SEED 7 routes with margin (clk_dec 86.07 MHz @100C /
# 88.32 MHz @-40C = PASS both corners). Pinned SEED 7.
# FORCE-4:3-SUBPICS netlist (PR #115, 2026-07-12): the P1O[15] subpicture display-mode
# override added a shared-mux path in emu.sv; SEED 9 (the white-rabbit pin) then failed to
# route ("Can't fit", 99% LABs). Re-swept: SEED 7 TIMED OUT (grind), SEED 11 routes with good
# margin (clk_dec 91.58 MHz @100C / 89.52 MHz @-40C = PASS both corners). Pinned SEED 11.
# FORCE-4:3 WINDOWLESS-FLIPBOOK fix (PR #115 round 2, 2026-07-12): driving spu_decode.menu_mode
# from force_43_subp (so the MiB commentary 15fps flipbook shows windowless) perturbed the
# netlist again -> SEED 11/13/5 failed to route; SEED 8 routes with margin (clk_dec 92.25 MHz
# @100C / 88.62 MHz @-40C = PASS both corners). Pinned SEED 8.
# MENU-CLEAN netlist (PR #116, 2026-07-12): removed the flush primer + restored the cold
# re-decode (menu_snap fast trigger) + §5c deep-menu-flush toggle + menu-audio free-run. This
# reshuffled placement -> SEED 8 failed to route ("Can't fit", 86% ALM = congestion, not
# capacity). Re-swept (USE_DOCKER seed_sweep): SEED 7 TIMED OUT, SEED 9 routes + PASSES both
# corners (clk_dec 84.42 MHz @100C / 88.43 MHz @-40C). Pinned SEED 9. NOTE: 84.42 is a real
# pass (>81 both corners) but a tighter margin than recent builds; if HW shows striping/green,
# re-sweep for a higher-margin seed (SWEEP_ALL=1).
# MENU-UNIVERSAL netlist (2026-07-13, §5d): audio-continuity (aud_flush gated by keep_vbuf)
# + menu VBUF cap (reader throttle) added logic; congestion rose to the routing EDGE - the full
# `--compile` fit FAILED to route on SEED 9, but a bare `quartus_fit --seed=9` (the sweep) DID
# route and passed Fmax with margin (clk_dec 93.05 MHz @100C / 88.61 MHz @-40C). Pinned SEED 9.
# ⚠️ MARGINAL: `build_release --compile` may fail to route (use tools/seed_sweep.sh instead), and
# if HW shows green/garble, re-sweep SWEEP_ALL=1 for a more robust seed (or relieve congestion,
# e.g. remove the P1O[18] toggle once Smooth is confirmed universal).
# MENU-UNIVERSAL v2 netlist (2026-07-13): removed the P1O[18] toggle + moved the AC-3/DTS
# reframers off pipe_rst_n onto reset_n (pop fix). That relieved the congestion the v1 build hit
# (all seeds failed to route), and `--compile` now routes on SEED 9 DIRECTLY (no sweep) with a
# healthy margin (clk_dec 86.32 MHz @100C / 86.82 MHz @-40C). SEED 9 confirmed for this netlist.
# FILM 24p AUTO netlist (2026-07-25, feature/film-24p-auto): added the film cadence detector
# (resample_addrgen) + PAL-25p modeline/STC + the P1O[25:24] Off/On/Auto resolve — reshuffled
# placement so the QSF-pinned SEED 13 (v1) FAILED to route on `--compile` (86% ALM = congestion,
# not capacity). Re-swept (USE_DOCKER tools/seed_sweep.sh): SEED 9 routes + PASSES both corners
# (clk_dec 85.93 MHz @100C / 83.06 MHz @-40C). Pinned SEED 9. Same lottery caveat as above.
# TAIL-DRAIN netlist (2026-07-30, feature/pgc-end-tail-drain PR #149): the drain-wait gate +
# DRAIN_WD counter reshuffled placement -> the dual-raster pin SEED 5 FAILED to route on
# `--compile` (88% ALM = congestion, not capacity). Re-swept (USE_DOCKER tools/seed_sweep.sh):
# SEED 7 no-route; SEED 9 routes + PASSES both corners (clk_dec 86.62 MHz @100C / 87.69 MHz
# @-40C). Pinned SEED 9. Same lottery caveat as above.
#
# TAIL-DRAIN PHASE B netlist (2026-07-30, PR #150): the provenance gating (jnat/snat +
# nat_wait plumbing) reshuffled placement — the pinned SEED 9 routed but came in MARGINAL
# (clk_dec 80.22 MHz @100C < the 81.0 gate). Re-swept at FIT_TIMEOUT=3600 (healthy fits
# now take ~28-32 min; the old 2100 s cut killed viable seeds mid-fit): SEED 7 79.03
# marginal; SEED 5 no-route; SEED 11/13 previously timed out; SEED 8 routes + PASSES both
# corners (clk_dec 85.79 MHz @100C / 90.17 MHz @-40C). Pinned SEED 8. Same lottery caveat.
#
# PHASE B ROUND 2 netlist (2026-07-31, the nat_src TR-skip fix): SEED 8 went MARGINAL
# (clk_dec 80.37 MHz @100C). Re-swept: SEED 7 routes + PASSES both corners (clk_dec
# 85.38 MHz @100C / 90.26 MHz @-40C). Pinned SEED 7. Same lottery caveat.
#   ^ NOTE: that entry says "Pinned SEED 7" but the assignment on main read SEED 9 — one of
#   the two was stale. Recorded here rather than silently corrected, since it means the
#   as-built seed for the Phase-B netlist is ambiguous in this ledger.
#
# CROP 2-TAP netlist (2026-08-01, disp_hstretch output-driven resample + crt_ov_map rounding
# inverse, docs/crt_anamorphic.md SS8b): the pinned SEED 9 FAILED TO ROUTE on `--compile`, and
# so did SEED 7 in the sweep. NOT capacity — ALMs NEEDED went 37,196 -> 37,261 (+65, still
# 89%) and the SEED 11 fit actually lands LOWER at 37,147; placement succeeded and the ROUTER
# gave up on congestion (Warning 16618 / Critical Warning 188026, which names "changing the
# fitter seed" as the remedy; FITTER_AGGRESSIVE_ROUTABILITY_OPTIMIZATION is already ALWAYS).
# DSP 91 -> 94 (the three 9x8 blend multiplies). Re-swept (USE_DOCKER, FIT_TIMEOUT=3600):
# SEED 11 routes + PASSES both corners (clk_dec 82.82 MHz @100C / 87.34 MHz @-40C).
# Pinned SEED 11. Same lottery caveat as above.
#   ^ 82.82 is the LOWEST passing worst-corner value in this ledger (the others sit 84.4-94),
#   so a MARGIN SWEEP was run over every remaining seed (SWEEP_ALL=1, FMAX_MIN=83.5). Result:
#   SEED 13 no-route; SEED 5 77.57; SEED 8 74.47; SEED 17 81.73 @100C. So SEED 11's 82.82 is
#   the BEST of all seven seeds tried (9/7/13 no-route, 5/8/17 lower) — this netlist simply
#   sits lower than its predecessors, and 82.82 is the TOP of the distribution, not a lucky
#   marginal first hit. ✅ HW-CONFIRMED clean on 2026-08-01 (no fringing, Crop correct), so
#   SEED 11 is the as-built value — do NOT re-pin without a fresh HW test, since a different
#   seed is a different placement and would discard that confirmation.
#
# SDC CLOCK-GROUPS netlist (2026-08-01, feature/fringe-sdc-clock-groups): sys_top.sdc's
# set_clock_groups finally matches this fork's PLL (emu|sys_pll had matched NO group, so
# ~40k unclosable async crossings were fully timed — see docs/history.md §10). Same RTL
# as the Crop 2-tap netlist above; only the SDC changed. The fitter stopped chasing
# impossible CDC TNS: fits dropped ~30 min -> ~12 min AND the lottery collapsed —
# full sweep (SWEEP_ALL=1, FMAX_MIN=83.5, seeds 7 9 13 5 8 17 23 1 29 42): ALL TEN
# routed AND passed, worst-corner 86.87 (17) .. 92.46 (29); on the pre-fix netlist
# 7/9/13 were no-routes and the best was 82.82. Pinned SEED 29 (95.35 @100C /
# 92.46 @-40C = +14% margin over 81). Release gate raised to FMAX_MIN 86.0 (below the
# whole healthy distribution, well above the 81-83 marginal class that fringes).
# ✅ HW-CONFIRMED 2026-08-01 (PR #156): fringe gone, playback clean, S/PDIF OK — SEED 29
# is the as-built value; do NOT re-pin without a fresh HW test.
#
# FILM-24p EXACT-RATE netlist (2026-08-02, PR #158): the modeline constant change
# (875x1287) reshuffled placement enough that SEED 29 came in just under the gate —
# clk_dec 90.16 MHz @100C / 85.98 @-40C vs FMAX_MIN 86.0 (a 0.02 MHz miss at the cold
# corner, i.e. the ordinary post-SDC-fix spread, not a degraded netlist). Re-swept
# (USE_DOCKER tools/seed_sweep.sh): SEED 7 routes and PASSES both corners
# (clk_dec 92.02 MHz @100C / 88.39 MHz @-40C). Pinned SEED 7.
#   ^ NOTE: that entry says "Pinned SEED 7" but the assignment below read SEED 9 when the
#   sd-2048 branch forked — the same log/assignment mismatch pattern as the 2026-07-31 note.
#
# SD-2048-BLOCK netlist (2026-08-04, feature/sd-2048-blocks, BLKSZ=4 reader rework): the
# `--compile` fit came in MARGINAL (clk_dec 88.66 MHz @100C / 84.66 @-40C — cold corner
# under the 86.0 gate). Re-swept (USE_DOCKER tools/seed_sweep.sh, FMAX_MIN=86.0): SEED 7
# 88.66/84.66 marginal; SEED 9 routes + PASSES both corners (clk_dec 91.49 MHz @100C /
# 86.85 MHz @-40C). Pinned SEED 9 (assignment unchanged). Same lottery caveat as above.
#   ^ NOTE: despite that "Pinned SEED 9", the assignment below was COMMITTED as SEED 7 —
#   the comment/assignment mismatch pattern AGAIN (third occurrence). Root cause of the
#   pattern: `quartus_fit --seed=N` WRITES the SEED assignment back into this qsf, so a
#   sweep updates the file silently and whether the pin lands in git depends on whether
#   that session committed the qsf. Rule: after any sweep, `git diff DVD.qsf` and commit
#   the winning seed WITH the branch.
#
# CSS-DETECT netlist (2026-08-06, feature/css-detect-warn, PR #160): `--compile` with the
# committed SEED 7 came in MARGINAL (clk_dec 87.05 MHz @100C / 84.59 @-40C). Re-swept
# (FMAX_MIN=86.0): SEED 7 marginal (same numbers), SEED 9 PASSES both corners
# (clk_dec 89.06 MHz @100C / 88.07 MHz @-40C). Pinned SEED 9 (this time in git).
#
# FAILURE-MESSAGING netlist (2026-08-23, feature/failure-messaging, PR #180): the Phase-2
# popups add ~+93 ALMs to an already 90%-full fit. `--compile` on the inherited SEED 9 came
# in MARGINAL (clk_dec 89.59 MHz @100C / 85.79 @-40C — cold corner 0.2 MHz under the gate,
# and build_release.sh tagged the rbf MARGINAL). Re-swept (FMAX_MIN=86.0): SEED 7 PASSES
# both corners on THIS netlist (clk_dec 91.73 MHz @100C / 88.21 MHz @-40C) and was the
# first seed tried. Pinned SEED 7, committed with the branch per the rule above.
#   ^ NOTE the reversal vs the CSS-DETECT entry: SEED 7 was the marginal one there and is
#   the passing one here. Seeds are tied to the EXACT synth/map netlist — a seed that
#   passed (or failed) on a previous netlist carries NO information about this one. Always
#   re-sweep after a change that moves ALMs; never assume a seed's verdict transfers.
#
# SIF-ANALOG-FILL netlist (2026-08-24, feature/sif-analog-fill): the inherited SEED 9
# came in MARGINAL on `--compile` (clk_dec 78.83 MHz @100C, gate 86.0). Re-swept
# (USE_DOCKER tools/seed_sweep.sh, FMAX_MIN=86.0): SEED 7 routes + PASSES both corners
# (clk_dec 88.35 MHz @100C / 86.51 MHz @-40C) — first seed tried. Pinned SEED 7,
# committed with the branch per the rule above.
#
# VCD/SVCD netlist (2026-08-24, feature/vcd-svcd-playback, ALM 97%): the inherited
# SEED 7 came in MARGINAL (clk_dec 90.03 @100C / 85.46 @-40C — 0.54 under the cold
# gate). Re-swept (USE_DOCKER tools/seed_sweep.sh, FMAX_MIN=86.0): seeds 9/11/13
# FAILED (75-86 range); SEED 5 routes + PASSES both corners (87.70 @100C /
# 88.88 @-40C) -> releases/DVD_vcdsvcd_20260825_0131.rbf. Pinned SEED 5.
#
# CELL-DURATION-FRAMES netlist (2026-08-25, fix/cell-duration-frames): the C_PBTM
# frame-rounding wires reshuffled placement -> the inherited SEED 5 came in badly
# MARGINAL (clk_dec 75.95 MHz @100C / 77.7 @-40C). Re-swept (USE_DOCKER
# tools/seed_sweep.sh, FMAX_MIN=86.0): SEED 7 routes + PASSES both corners
# (clk_dec 86.54 MHz @100C / 87.73 MHz @-40C) - first seed tried ->
# releases/DVD_celldurfrm_20260825_1652.rbf. Pinned SEED 7.
#
# WL-ENTROPY netlist (2026-08-25, same branch, + the TIMESTAMP seed hardening): the
# hps_io TIMESTAMP plumbing reshuffled placement again -> SEED 7 fell to 73.58 MHz @100C.
# Re-swept (USE_DOCKER tools/seed_sweep.sh, FMAX_MIN=86.0): 7 73.58, 9 85.68 (0.32 under),
# 11 68.24, 13 75.61, 5 77.62 -- then SEED 8 routes + PASSES both corners with real margin
# (clk_dec 90.56 MHz @100C / 90.56 MHz @-40C) -> releases/DVD_wlentropy_20260825_2010.rbf.
# Pinned SEED 8. Note the scatter: on this congested placement one seed lands and the rest
# come in 10+ MHz low - sweep, never assume a neighbouring seed transfers.
#
# 0.1b VERSION-BUMP netlist (2026-08-25, chore/version-0.1b): proof that the CONF_STR
# version string is part of the netlist - changing `CORE_VERSION "0.1a"` -> "0.1b" and
# NOTHING else dropped SEED 8 to 81.66 MHz @100C (87.48 @-40C = hot corner fails). This is
# why CLAUDE.md forbids putting a time/SHA in BUILD_DATE: it would re-roll this lottery on
# EVERY compile. Re-swept (USE_DOCKER tools/seed_sweep.sh, FMAX_MIN=86.0): SEED 7 66.41,
# then SEED 9 routes + PASSES both corners (clk_dec 90.70 MHz @100C / 90.14 MHz @-40C)
# -> releases/DVD_v01b_20260825_2220.rbf. Pinned SEED 9.
#
# LAUNCH-FEEDBACK netlist (2026-08-26, feature/launch-feedback): area-reclaim pass
# (dead mpeg2fpga OSD tie-off; dvd_vm shared eval_reg muxes) + "v,1;" CONF_STR +
# BUTTONS output/osd_btn + dvd/idle_logo.sv. Reclaim measured on the bare 0.1+0.2
# netlist: 40,854 -> 38,659 ALM (97% -> 92%), DSP 100 -> 92, M10K 505 -> 497. Full
# feature netlist: 39,085 ALM (93%), SEED 9 closes FIRST ROLL - clk_dec 89.89 MHz
# @100C / 90.60 @-40C (gate 86.0) -> releases/DVD_launchfb_20260826_0305.rbf.
# No sweep needed; SEED 9 stays pinned. Two follow-up netlists on the same branch
# also closed SEED 9 first roll: the 0.1c version bump (89.89/90.60,
# DVD_launchfb_20260826_0354.rbf) and the idle-widescreen ARX fix (39,028 ALM,
# 87.48/92.09 - tighter hot corner but PASS -> DVD_launchfb_20260826_0417.rbf =
# the PR #9 merge build).
#
# IDLE-LOGO-BOUNDS netlist (2026-08-26, feature/idle-logo-bounds): the bounce-box
# trim (tool-side art bbox + DEF_W/DEF_H 103x29). SEED 9 finally lost the lottery
# on this one: 83.9 MHz @100C (88.62 @-40C) = hot corner FAIL -> _MARGINAL_ rbf,
# not shipped. Swept: SEED 7 routes + PASSES (clk_dec 89.27 @100C / 86.63 @-40C)
# -> releases/DVD_logobounds_20260826_0523.rbf. Pinned SEED 7 (the sweep tool
# already rewrote the assignment; this comment is the ledger).
#
# IDLE-LOGO ROUNDS 3-5 netlist (2026-08-26, feature/idle-logo-bounds cont.):
# logo-behind-OSD + QX lead sign fix + 256x64 logo ROM (4 M10K) + OSD-Reset
# wiring. Fit pressure rose ("ALMs needed" 97% -- packing variance, idle_logo
# itself is ~244 ALMs) and the lottery got rough: SEED 7 80.53 @100C FAIL,
# SEED 9 fitter TIMEOUT (2100s grind), SEED 11 routes + PASSES with margin
# (clk_dec 88.88 @100C / 90.46 @-40C) -> releases/DVD_logores_20260826_1645.rbf.
# Pinned SEED 11.
set_global_assignment -name SEED 11